// !$*UTF8*$!
{
	archiveVersion = 1;
	classes = {
	};
	objectVersion = 50;
	objects = {

/* Begin PBXBuildFile section */
		F694330926BBBD8E00AD896F /* quoteClipperApp.swift in Sources */ = {isa = PBXBuildFile; fileRef = F694330826BBBD8E00AD896F /* quoteClipperApp.swift */; };
		F694330B26BBBD8E00AD896F /* ContentView.swift in Sources */ = {isa = PBXBuildFile; fileRef = F694330A26BBBD8E00AD896F /* ContentView.swift */; };
		F694330D26BBBD9000AD896F /* Assets.xcassets in Resources */ = {isa = PBXBuildFile; fileRef = F694330C26BBBD9000AD896F /* Assets.xcassets */; };
		F694331026BBBD9000AD896F /* Preview Assets.xcassets in Resources */ = {isa = PBXBuildFile; fileRef = F694330F26BBBD9000AD896F /* Preview Assets.xcassets */; };
		F694331826BBBDE400AD896F /* QuoteListView.swift in Sources */ = {isa = PBXBuildFile; fileRef = F694331726BBBDE400AD896F /* QuoteListView.swift */; };
		F694331A26BBBE1500AD896F /* QuoteView.swift in Sources */ = {isa = PBXBuildFile; fileRef = F694331926BBBE1500AD896F /* QuoteView.swift */; };
		F694331C26BBBE3800AD896F /* ScanDocumentView.swift in Sources */ = {isa = PBXBuildFile; fileRef = F694331B26BBBE3800AD896F /* ScanDocumentView.swift */; };
		F694332D26BBC61200AD896F /* PlayfairDisplay-Bold.ttf in Resources */ = {isa = PBXBuildFile; fileRef = F694332C26BBC61200AD896F /* PlayfairDisplay-Bold.ttf */; };
/* End PBXBuildFile section */

/* Begin PBXFileReference section */
		F694330526BBBD8E00AD896F /* quoteClipper.app */ = {isa = PBXFileReference; explicitFileType = wrapper.application; includeInIndex = 0; path = quoteClipper.app; sourceTree = BUILT_PRODUCTS_DIR; };
		F694330826BBBD8E00AD896F /* quoteClipperApp.swift */ = {isa = PBXFileReference; lastKnownFileType = sourcecode.swift; path = quoteClipperApp.swift; sourceTree = "<group>"; };
		F694330A26BBBD8E00AD896F /* ContentView.swift */ = {isa = PBXFileReference; lastKnownFileType = sourcecode.swift; path = ContentView.swift; sourceTree = "<group>"; };
		F694330C26BBBD9000AD896F /* Assets.xcassets */ = {isa = PBXFileReference; lastKnownFileType = folder.assetcatalog; path = Assets.xcassets; sourceTree = "<group>"; };
		F694330F26BBBD9000AD896F /* Preview Assets.xcassets */ = {isa = PBXFileReference; lastKnownFileType = folder.assetcatalog; path = "Preview Assets.xcassets"; sourceTree = "<group>"; };
		F694331126BBBD9000AD896F /* Info.plist */ = {isa = PBXFileReference; lastKnownFileType = text.plist.xml; path = Info.plist; sourceTree = "<group>"; };
		F694331726BBBDE400AD896F /* QuoteListView.swift */ = {isa = PBXFileReference; lastKnownFileType = sourcecode.swift; path = QuoteListView.swift; sourceTree = "<group>"; };
		F694331926BBBE1500AD896F /* QuoteView.swift */ = {isa = PBXFileReference; lastKnownFileType = sourcecode.swift; path = QuoteView.swift; sourceTree = "<group>"; };
		F694331B26BBBE3800AD896F /* ScanDocumentView.swift */ = {isa = PBXFileReference; lastKnownFileType = sourcecode.swift; path = ScanDocumentView.swift; sourceTree = "<group>"; };
		F694332C26BBC61200AD896F /* PlayfairDisplay-Bold.ttf */ = {isa = PBXFileReference; lastKnownFileType = file; path = "PlayfairDisplay-Bold.ttf"; sourceTree = "<group>"; };
/* End PBXFileReference section */

/* Begin PBXFrameworksBuildPhase section */
		F694330226BBBD8E00AD896F /* Frameworks */ = {
			isa = PBXFrameworksBuildPhase;
			buildActionMask = 2147483647;
			files = (
			);
			runOnlyForDeploymentPostprocessing = 0;
		};
/* End PBXFrameworksBuildPhase section */

/* Begin PBXGroup section */
		F69432FC26BBBD8E00AD896F = {
			isa = PBXGroup;
			children = (
				F694330726BBBD8E00AD896F /* quoteClipper */,
				F694330626BBBD8E00AD896F /* Products */,
			);
			sourceTree = "<group>";
		};
		F694330626BBBD8E00AD896F /* Products */ = {
			isa = PBXGroup;
			children = (
				F694330526BBBD8E00AD896F /* quoteClipper.app */,
			);
			name = Products;
			sourceTree = "<group>";
		};
		F694330726BBBD8E00AD896F /* quoteClipper */ = {
			isa = PBXGroup;
			children = (
				F694330826BBBD8E00AD896F /* quoteClipperApp.swift */,
				F694330A26BBBD8E00AD896F /* ContentView.swift */,
				F694332C26BBC61200AD896F /* PlayfairDisplay-Bold.ttf */,
				F694331926BBBE1500AD896F /* QuoteView.swift */,
				F694331726BBBDE400AD896F /* QuoteListView.swift */,
				F694330C26BBBD9000AD896F /* Assets.xcassets */,
				F694331126BBBD9000AD896F /* Info.plist */,
				F694330E26BBBD9000AD896F /* Preview Content */,
				F694331B26BBBE3800AD896F /* ScanDocumentView.swift */,
			);
			path = quoteClipper;
			sourceTree = "<group>";
		};
		F694330E26BBBD9000AD896F /* Preview Content */ = {
			isa = PBXGroup;
			children = (
				F694330F26BBBD9000AD896F /* Preview Assets.xcassets */,
			);
			path = "Preview Content";
			sourceTree = "<group>";
		};
/* End PBXGroup section */

/* Begin PBXNativeTarget section */
		F694330426BBBD8E00AD896F /* quoteClipper */ = {
			isa = PBXNativeTarget;
			buildConfigurationList = F694331426BBBD9000AD896F /* Build configuration list for PBXNativeTarget "quoteClipper" */;
			buildPhases = (
				F694330126BBBD8E00AD896F /* Sources */,
				F694330226BBBD8E00AD896F /* Frameworks */,
				F694330326BBBD8E00AD896F /* Resources */,
			);
			buildRules = (
			);
			dependencies = (
			);
			name = quoteClipper;
			productName = quoteClipper;
			productReference = F694330526BBBD8E00AD896F /* quoteClipper.app */;
			productType = "com.apple.product-type.application";
		};
/* End PBXNativeTarget section */

/* Begin PBXProject section */
		F69432FD26BBBD8E00AD896F /* Project object */ = {
			isa = PBXProject;
			attributes = {
				LastSwiftUpdateCheck = 1250;
				LastUpgradeCheck = 1250;
				TargetAttributes = {
					F694330426BBBD8E00AD896F = {
						CreatedOnToolsVersion = 12.5.1;
					};
				};
			};
			buildConfigurationList = F694330026BBBD8E00AD896F /* Build configuration list for PBXProject "quoteClipper" */;
			compatibilityVersion = "Xcode 9.3";
			developmentRegion = en;
			hasScannedForEncodings = 0;
			knownRegions = (
				en,
				Base,
			);
			mainGroup = F69432FC26BBBD8E00AD896F;
			productRefGroup = F694330626BBBD8E00AD896F /* Products */;
			projectDirPath = "";
			projectRoot = "";
			targets = (
				F694330426BBBD8E00AD896F /* quoteClipper */,
			);
		};
/* End PBXProject section */

/* Begin PBXResourcesBuildPhase section */
		F694330326BBBD8E00AD896F /* Resources */ = {
			isa = PBXResourcesBuildPhase;
			buildActionMask = 2147483647;
			files = (
				F694332D26BBC61200AD896F /* PlayfairDisplay-Bold.ttf in Resources */,
				F694331026BBBD9000AD896F /* Preview Assets.xcassets in Resources */,
				F694330D26BBBD9000AD896F /* Assets.xcassets in Resources */,
			);
			runOnlyForDeploymentPostprocessing = 0;
		};
/* End PBXResourcesBuildPhase section */

/* Begin PBXSourcesBuildPhase section */
		F694330126BBBD8E00AD896F /* Sources */ = {
			isa = PBXSourcesBuildPhase;
			buildActionMask = 2147483647;
			files = (
				F694330B26BBBD8E00AD896F /* ContentView.swift in Sources */,
				F694330926BBBD8E00AD896F /* quoteClipperApp.swift in Sources */,
				F694331826BBBDE400AD896F /* QuoteListView.swift in Sources */,
				F694331C26BBBE3800AD896F /* ScanDocumentView.swift in Sources */,
				F694331A26BBBE1500AD896F /* QuoteView.swift in Sources */,
			);
			runOnlyForDeploymentPostprocessing = 0;
		};
/* End PBXSourcesBuildPhase section */

/* Begin XCBuildConfiguration section */
		F694331226BBBD9000AD896F /* Debug */ = {
			isa = XCBuildConfiguration;
			buildSettings = {
				ALWAYS_SEARCH_USER_PATHS = NO;
				CLANG_ANALYZER_NONNULL = YES;
				CLANG_ANALYZER_NUMBER_OBJECT_CONVERSION = YES_AGGRESSIVE;
				CLANG_CXX_LANGUAGE_STANDARD = "gnu++14";
				CLANG_CXX_LIBRARY = "libc++";
				CLANG_ENABLE_MODULES = YES;
				CLANG_ENABLE_OBJC_ARC = YES;
				CLANG_ENABLE_OBJC_WEAK = YES;
				CLANG_WARN_BLOCK_CAPTURE_AUTORELEASING = YES;
				CLANG_WARN_BOOL_CONVERSION = YES;
				CLANG_WARN_COMMA = YES;
				CLANG_WARN_CONSTANT_CONVERSION = YES;
				CLANG_WARN_DEPRECATED_OBJC_IMPLEMENTATIONS = YES;
				CLANG_WARN_DIRECT_OBJC_ISA_USAGE = YES_ERROR;
				CLANG_WARN_DOCUMENTATION_COMMENTS = YES;
				CLANG_WARN_EMPTY_BODY = YES;
				CLANG_WARN_ENUM_CONVERSION = YES;
				CLANG_WARN_INFINITE_RECURSION = YES;
				CLANG_WARN_INT_CONVERSION = YES;
				CLANG_WARN_NON_LITERAL_NULL_CONVERSION = YES;
				CLANG_WARN_OBJC_IMPLICIT_RETAIN_SELF = YES;
				CLANG_WARN_OBJC_LITERAL_CONVERSION = YES;
				CLANG_WARN_OBJC_ROOT_CLASS = YES_ERROR;
				CLANG_WARN_QUOTED_INCLUDE_IN_FRAMEWORK_HEADER = YES;
				CLANG_WARN_RANGE_LOOP_ANALYSIS = YES;
				CLANG_WARN_STRICT_PROTOTYPES = YES;
				CLANG_WARN_SUSPICIOUS_MOVE = YES;
				CLANG_WARN_UNGUARDED_AVAILABILITY = YES_AGGRESSIVE;
				CLANG_WARN_UNREACHABLE_CODE = YES;
				CLANG_WARN__DUPLICATE_METHOD_MATCH = YES;
				COPY_PHASE_STRIP = NO;
				DEBUG_INFORMATION_FORMAT = dwarf;
				ENABLE_STRICT_OBJC_MSGSEND = YES;
				ENABLE_TESTABILITY = YES;
				GCC_C_LANGUAGE_STANDARD = gnu11;
				GCC_DYNAMIC_NO_PIC = NO;
				GCC_NO_COMMON_BLOCKS = YES;
				GCC_OPTIMIZATION_LEVEL = 0;
				GCC_PREPROCESSOR_DEFINITIONS = (
					"DEBUG=1",
					"$(inherited)",
				);
				GCC_WARN_64_TO_32_BIT_CONVERSION = YES;
				GCC_WARN_ABOUT_RETURN_TYPE = YES_ERROR;
				GCC_WARN_UNDECLARED_SELECTOR = YES;
				GCC_WARN_UNINITIALIZED_AUTOS = YES_AGGRESSIVE;
				GCC_WARN_UNUSED_FUNCTION = YES;
				GCC_WARN_UNUSED_VARIABLE = YES;
				IPHONEOS_DEPLOYMENT_TARGET = 14.5;
				MTL_ENABLE_DEBUG_INFO = INCLUDE_SOURCE;
				MTL_FAST_MATH = YES;
				ONLY_ACTIVE_ARCH = YES;
				SDKROOT = iphoneos;
				SWIFT_ACTIVE_COMPILATION_CONDITIONS = DEBUG;
				SWIFT_OPTIMIZATION_LEVEL = "-Onone";
			};
			name = Debug;
		};
		F694331326BBBD9000AD896F /* Release */ = {
			isa = XCBuildConfiguration;
			buildSettings = {
				ALWAYS_SEARCH_USER_PATHS = NO;
				CLANG_ANALYZER_NONNULL = YES;
				CLANG_ANALYZER_NUMBER_OBJECT_CONVERSION = YES_AGGRESSIVE;
				CLANG_CXX_LANGUAGE_STANDARD = "gnu++14";
				CLANG_CXX_LIBRARY = "libc++";
				CLANG_ENABLE_MODULES = YES;
				CLANG_ENABLE_OBJC_ARC = YES;
				CLANG_ENABLE_OBJC_WEAK = YES;
				CLANG_WARN_BLOCK_CAPTURE_AUTORELEASING = YES;
				CLANG_WARN_BOOL_CONVERSION = YES;
				CLANG_WARN_COMMA = YES;
				CLANG_WARN_CONSTANT_CONVERSION = YES;
				CLANG_WARN_DEPRECATED_OBJC_IMPLEMENTATIONS = YES;
				CLANG_WARN_DIRECT_OBJC_ISA_USAGE = YES_ERROR;
				CLANG_WARN_DOCUMENTATION_COMMENTS = YES;
				CLANG_WARN_EMPTY_BODY = YES;
				CLANG_WARN_ENUM_CONVERSION = YES;
				CLANG_WARN_INFINITE_RECURSION = YES;
				CLANG_WARN_INT_CONVERSION = YES;
				CLANG_WARN_NON_LITERAL_NULL_CONVERSION = YES;
				CLANG_WARN_OBJC_IMPLICIT_RETAIN_SELF = YES;
				CLANG_WARN_OBJC_LITERAL_CONVERSION = YES;
				CLANG_WARN_OBJC_ROOT_CLASS = YES_ERROR;
				CLANG_WARN_QUOTED_INCLUDE_IN_FRAMEWORK_HEADER = YES;
				CLANG_WARN_RANGE_LOOP_ANALYSIS = YES;
				CLANG_WARN_STRICT_PROTOTYPES = YES;
				CLANG_WARN_SUSPICIOUS_MOVE = YES;
				CLANG_WARN_UNGUARDED_AVAILABILITY = YES_AGGRESSIVE;
				CLANG_WARN_UNREACHABLE_CODE = YES;
				CLANG_WARN__DUPLICATE_METHOD_MATCH = YES;
				COPY_PHASE_STRIP = NO;
				DEBUG_INFORMATION_FORMAT = "dwarf-with-dsym";
				ENABLE_NS_ASSERTIONS = NO;
				ENABLE_STRICT_OBJC_MSGSEND = YES;
				GCC_C_LANGUAGE_STANDARD = gnu11;
				GCC_NO_COMMON_BLOCKS = YES;
				GCC_WARN_64_TO_32_BIT_CONVERSION = YES;
				GCC_WARN_ABOUT_RETURN_TYPE = YES_ERROR;
				GCC_WARN_UNDECLARED_SELECTOR = YES;
				GCC_WARN_UNINITIALIZED_AUTOS = YES_AGGRESSIVE;
				GCC_WARN_UNUSED_FUNCTION = YES;
				GCC_WARN_UNUSED_VARIABLE = YES;
				IPHONEOS_DEPLOYMENT_TARGET = 14.5;
				MTL_ENABLE_DEBUG_INFO = NO;
				MTL_FAST_MATH = YES;
				SDKROOT = iphoneos;
				SWIFT_COMPILATION_MODE = wholemodule;
				SWIFT_OPTIMIZATION_LEVEL = "-O";
				VALIDATE_PRODUCT = YES;
			};
			name = Release;
		};
		F694331526BBBD9000AD896F /* Debug */ = {
			isa = XCBuildConfiguration;
			buildSettings = {
				ASSETCATALOG_COMPILER_APPICON_NAME = AppIcon;
				ASSETCATALOG_COMPILER_GLOBAL_ACCENT_COLOR_NAME = AccentColor;
				CODE_SIGN_STYLE = Automatic;
				DEVELOPMENT_ASSET_PATHS = "\"quoteClipper/Preview Content\"";
				DEVELOPMENT_TEAM = JGR6UZNHH4;
				ENABLE_PREVIEWS = YES;
				INFOPLIST_FILE = quoteClipper/Info.plist;
				IPHONEOS_DEPLOYMENT_TARGET = 14.0;
				LD_RUNPATH_SEARCH_PATHS = (
					"$(inherited)",
					"@executable_path/Frameworks",
				);
				PRODUCT_BUNDLE_IDENTIFIER = yuricoder.quoteClipper;
				PRODUCT_NAME = "$(TARGET_NAME)";
				SWIFT_VERSION = 5.0;
				TARGETED_DEVICE_FAMILY = "1,2";
			};
			name = Debug;
		};
		F694331626BBBD9000AD896F /* Release */ = {
			isa = XCBuildConfiguration;
			buildSettings = {
				ASSETCATALOG_COMPILER_APPICON_NAME = AppIcon;
				ASSETCATALOG_COMPILER_GLOBAL_ACCENT_COLOR_NAME = AccentColor;
				CODE_SIGN_STYLE = Automatic;
				DEVELOPMENT_ASSET_PATHS = "\"quoteClipper/Preview Content\"";
				DEVELOPMENT_TEAM = JGR6UZNHH4;
				ENABLE_PREVIEWS = YES;
				INFOPLIST_FILE = quoteClipper/Info.plist;
				IPHONEOS_DEPLOYMENT_TARGET = 14.0;
				LD_RUNPATH_SEARCH_PATHS = (
					"$(inherited)",
					"@executable_path/Frameworks",
				);
				PRODUCT_BUNDLE_IDENTIFIER = yuricoder.quoteClipper;
				PRODUCT_NAME = "$(TARGET_NAME)";
				SWIFT_VERSION = 5.0;
				TARGETED_DEVICE_FAMILY = "1,2";
			};
			name = Release;
		};
/* End XCBuildConfiguration section */

/* Begin XCConfigurationList section */
		F694330026BBBD8E00AD896F /* Build configuration list for PBXProject "quoteClipper" */ = {
			isa = XCConfigurationList;
			buildConfigurations = (
				F694331226BBBD9000AD896F /* Debug */,
				F694331326BBBD9000AD896F /* Release */,
			);
			defaultConfigurationIsVisible = 0;
			defaultConfigurationName = Release;
		};
		F694331426BBBD9000AD896F /* Build configuration list for PBXNativeTarget "quoteClipper" */ = {
			isa = XCConfigurationList;
			buildConfigurations = (
				F694331526BBBD9000AD896F /* Debug */,
				F694331626BBBD9000AD896F /* Release */,
			);
			defaultConfigurationIsVisible = 0;
			defaultConfigurationName = Release;
		};
/* End XCConfigurationList section */
	};
	rootObject = F69432FD26BBBD8E00AD896F /* Project object */;
}
